<Project xmlns="http://schemas.microsoft.com/developer/msbuild/2003">
    <PropertyGroup>
        <ProjectGuid>{A265823E-644F-4916-A6BF-7C5D8C0FFDFC}</ProjectGuid>
        <ProjectVersion>17.2</ProjectVersion>
        <FrameworkType>VCL</FrameworkType>
        <MainSource>SoftwarePosto.dpr</MainSource>
        <Base>True</Base>
        <Config Condition="'$(Config)'==''">Debug</Config>
        <Platform Condition="'$(Platform)'==''">Win32</Platform>
        <TargetedPlatforms>1</TargetedPlatforms>
        <AppType>Application</AppType>
    </PropertyGroup>
    <PropertyGroup Condition="'$(Config)'=='Base' or '$(Base)'!=''">
        <Base>true</Base>
    </PropertyGroup>
    <PropertyGroup Condition="('$(Platform)'=='Win32' and '$(Base)'=='true') or '$(Base_Win32)'!=''">
        <Base_Win32>true</Base_Win32>
        <CfgParent>Base</CfgParent>
        <Base>true</Base>
    </PropertyGroup>
    <PropertyGroup Condition="('$(Platform)'=='Win64' and '$(Base)'=='true') or '$(Base_Win64)'!=''">
        <Base_Win64>true</Base_Win64>
        <CfgParent>Base</CfgParent>
        <Base>true</Base>
    </PropertyGroup>
    <PropertyGroup Condition="'$(Config)'=='Debug' or '$(Cfg_1)'!=''">
        <Cfg_1>true</Cfg_1>
        <CfgParent>Base</CfgParent>
        <Base>true</Base>
    </PropertyGroup>
    <PropertyGroup Condition="('$(Platform)'=='Win32' and '$(Cfg_1)'=='true') or '$(Cfg_1_Win32)'!=''">
        <Cfg_1_Win32>true</Cfg_1_Win32>
        <CfgParent>Cfg_1</CfgParent>
        <Cfg_1>true</Cfg_1>
        <Base>true</Base>
    </PropertyGroup>
    <PropertyGroup Condition="'$(Config)'=='Release' or '$(Cfg_2)'!=''">
        <Cfg_2>true</Cfg_2>
        <CfgParent>Base</CfgParent>
        <Base>true</Base>
    </PropertyGroup>
    <PropertyGroup Condition="('$(Platform)'=='Win32' and '$(Cfg_2)'=='true') or '$(Cfg_2_Win32)'!=''">
        <Cfg_2_Win32>true</Cfg_2_Win32>
        <CfgParent>Cfg_2</CfgParent>
        <Cfg_2>true</Cfg_2>
        <Base>true</Base>
    </PropertyGroup>
    <PropertyGroup Condition="'$(Base)'!=''">
        <DCC_Namespace>System;Xml;Data;Datasnap;Web;Soap;Vcl;Vcl.Imaging;Vcl.Touch;Vcl.Samples;Vcl.Shell;$(DCC_Namespace)</DCC_Namespace>
        <Icon_MainIcon>$(BDS)\bin\delphi_PROJECTICON.ico</Icon_MainIcon>
        <SanitizedProjectName>SoftwarePosto</SanitizedProjectName>
        <DCC_DcuOutput>.\$(Platform)\$(Config)</DCC_DcuOutput>
        <DCC_ExeOutput>.\$(Platform)\$(Config)</DCC_ExeOutput>
        <DCC_E>false</DCC_E>
        <DCC_N>false</DCC_N>
        <DCC_S>false</DCC_S>
        <DCC_F>false</DCC_F>
        <DCC_K>false</DCC_K>
    </PropertyGroup>
    <PropertyGroup Condition="'$(Base_Win32)'!=''">
        <DCC_Namespace>Winapi;System.Win;Data.Win;Datasnap.Win;Web.Win;Soap.Win;Xml.Win;Bde;$(DCC_Namespace)</DCC_Namespace>
        <VerInfo_Locale>1033</VerInfo_Locale>
        <VerInfo_IncludeVerInfo>true</VerInfo_IncludeVerInfo>
        <VerInfo_Keys>CompanyName=;FileDescription=;FileVersion=1.0.0.0;InternalName=;LegalCopyright=;LegalTrademarks=;OriginalFilename=;ProductName=;ProductVersion=1.0.0.0;Comments=</VerInfo_Keys>
        <Manifest_File>$(BDS)\bin\default_app.manifest</Manifest_File>
        <DCC_UsePackage>dxBarRS22;JvGlobus;CEF4Delphi;JvMM;unidac220;ACBr_BoletoFR;dxSpreadSheetConditionalFormattingDialogsRS22;JvManagedThreads;ACBr_BoletoRL;dxRibbonCustomizationFormRS22;FireDACPgDriver;ACBr_GNRE;dxFlowChartAdvancedCustomizeFormRS22;dxGaugeControlRS22;dxFireDACEMFRS22;dxPScxVGridLnkRS22;rbDIDE1722;dclRBIBE1722;ACBr_NFeDanfeFR;JvCrypt;DBXInterBaseDriver;DataSnapServer;DataSnapCommon;ACBre_Social;ACBr_BlocoX;dxSpreadSheetInplaceRichEditRS22;dxWizardControlRS22;JvNet;VcwXE8;JvDotNetCtrls;DbxCommonDriver;vclimg;ACBr_NF3e;dbxcds;ACBr_Comum;DatasnapConnectorsFreePascal;QBuilderRT_D22;appanalytics;dxServerModeRS22;dxEMFRS22;dxHttpIndyRequestRS22;vcldb;dxADOEMFRS22;JvXPCtrls;tmswizdXE8;ACBr_MDFeDamdfeRL;dxSpreadSheetCoreRS22;ACBr_SATExtratoESCPOS;ACBr_PagFor;dxGDIPlusRS22;ACBr_GNREGuiaRL;CustomIPTransport;AsyncProDR;dsnap;IndyIPServer;ACBr_MDFe;dacfmx220;IndyCore;CloudService;FmxTeeUI;FireDACIBDriver;spdNotaSegura_DXE8;ACBr_SAT;MyDTP;GeckoComponents;dclRBFireDAC1722;JvDB;dxPScxPivotGridLnkRS22;ACBr_CTeDacteFR;dxComnRS22;cxPivotGridChartRS22;JvRuntimeDesign;dsnapxml;ACBr_Ponto;dxPScxPCProdRS22;FireDACDb2Driver;dxSpellCheckerRS22;ACBR_DeSTDA;dxPScxGridLnkRS22;rbADO1722;dxorgcRS22;dxBarExtItemsRS22;dxRibbonRS22;JclDeveloperTools;dxPSdxGaugeControlLnkRS22;dxCoreRS22;ACBr_SEF2;cxVerticalGridRS22;frx22;bindcompfmx;rbBDE1722;ACBr_PAF;vcldbx;dxSpreadSheetRS22;FireDACODBCDriver;RESTBackendComponents;cxSchedulerRS22;dxSkinsCoreRS22;rbIDE1722;dbrtl;FireDACCommon;bindcomp;inetdb;AutomatedControls;cxExportRS22;dxPSDBTeeChartRS22;Enter_Package;ACBr_NFe;dxPSdxMapControlLnkRS22;JvPluginSystem;DBXOdbcDriver;ibmonitor;vclFireDAC;JvCmp;madDisAsm_;DxButton_Package;xmlrtl;JvTimeFramework;ibxpress;dxPSdxDBOCLnkRS22;FireDACCommonDriver;MRDump_Package;soaprtl;bindengine;vclactnband;FMXTee;ACBr_CTeDacteRL;dxCloudServiceLibraryRS22;bindcompvcl;ACBr_BPe;dxBarExtDBItemsRS22;dxSpreadSheetCoreConditionalFormattingDialogsRS22;vclie;rbDAD1722;Jcl;dxPSdxDBTVLnkRS22;madExcept_;ACBr_TEFD;ACBr_Integrador;dxRichEditControlCoreRS22;rbIBE1722;rbRIDE1722;dxRichEditInplaceRS22;FireDACMSSQLDriver;DBXInformixDriver;tmsexdXE8;Intraweb;qrBarCodPrj;dxPsPrVwAdvRS22;ACBr_SATExtratoRL;dxPScxExtCommonRS22;DataSnapServerMidas;dsnapcon;DBXFirebirdDriver;dxPSPrVwRibbonRS22;inet;tmsdXE8;unidacfmx220;dxMapControlRS22;dxmdsRS22;JvPascalInterpreter;FireDACMySQLDriver;soapmidas;vclx;RtmRxCtl220;spdGov16_DXE8;ACBr_SPEDImportar;ACBr_SATExtratoFR;DBXSybaseASADriver;RestDatawareCORE;dxDockingRS22;dxSpreadSheetReportDesignerRS22;RESTComponents;dxTabbedMDIRS22;rbCIDE1722;dxdborRS22;dbexpress;dxPScxTLLnkRS22;IndyIPClient;ACBr_Convenio115;office2K;dxRichEditCoreRS22;FireDACTDataDriver;SynEditR;FireDACSqliteDriver;QBuilderDT_D22;ACBr_LCDPR;FireDACDSDriver;frxTee22;DBXSqliteDriver;ZComponent;AbbreviaVCL;dacvcl220;ACBr_EDI;fmx;dxPSdxFCLnkRS22;ACBr_Diversos;IndySystem;JvDlgs;TeeDB;tethering;cxSchedulerGridRS22;dclRBDBE1722;ACBr_CIOT;vclib;dxPDFViewerRS22;DataSnapClient;ACBr_NFeDanfeESCPOS;dxNavBarRS22;DataSnapProviderClient;DBXSybaseASEDriver;frxe22;ACBr_MDFeDamdfeFR;rbTC1722;QRWRunDXE8w64;ACBr_NFSeDanfseFR;ACBr_ONE;ACBr_BPeDabpeESCPOS;GeckoSDK;crcontrols220;rbDB1722;vcldsnap;dxBarDBNavRS22;dxPSCoreRS22;dxPSRichEditControlLnkRS22;dxSpreadSheetCoreDialogsRS22;fmxFireDAC;DBXDb2Driver;S404br;frce;DBXOracleDriver;cxGridRS22;JvCore;ACBr_Serial;vclribbon;ACBr_SPED;fmxase;vcl;ACBr_NFSeDanfseRL;rbFireDAC1722;DBXMSSQLDriver;IndyIPCommon;CodeSiteExpressPkg;ACBr_NF3eDANF3eESCPOS;ACBr_Boleto;DataSnapFireDAC;FireDACDBXDriver;ACBr_Sintegra;cxPivotGridRS22;soapserver;dxtrmdRS22;dxPScxSchedulerLnkRS22;dxPSdxPDFViewerLnkRS22;inetdbxpress;JvAppFrm;ACBr_NFSe;Backup_Package;FireDACInfxDriver;ACBr_LFD;dxRichEditDocumentModelRS22;dxFireDACServerModeRS22;adortl;QrBarcode_Package;cxLibraryRS22;dxPSdxSpreadSheetLnkRS22;JvDocking;ACBr_TCP;dxPSdxLCLnkRS22;JvWizards;madBasic_;FireDACASADriver;JvHMI;dxPScxCommonRS22;rbRCL1722;JvBands;S404_r;ZDbc;emsclientfiredac;DelPrintDXE8;rtl;rbUSER1722;DbxClientDriver;rbRAP1722;ZPlain;Tk2000_Components_Pack;ACBr_MTER;Tee;tmsxlsdXE8;ACBr_GNREGuiaFR;ACBr_CTe;dxDBXServerModeRS22;dxRichEditControlRS22;ACBr_ANe;dxPSLnksRS22;CPortLibDXE;RESTDWDriverFD;ACBr_NFCeECFVirtual;DataSnapNativeClient;svnui;RESTDWDriverRDW;dac220;unidacvcl220;ACBr_NFeDanfeRL;IndyProtocols;DBXMySQLDriver;dxFlowChartRS22;dxFlowChartLayoutsRS22;cxTreeListdxBarPopupMenuRS22;dxPSdxOCLnkRS22;dclRBE1722;bindcompdbx;TeeUI;JclContainers;JvSystem;JvControls;JvJans;JvPageComps;JvStdCtrls;JvCustom;JvPrintPreview;cxTreeListRS22;ACBr_OpenSSL;frxDB22;FireDACADSDriver;vcltouch;ZCore;ACBr_Reinf;dxADOServerModeRS22;emsclient;dxdbtrRS22;ACBr_SATWS;ACBr_ADRCST;VclSmp;FireDAC;VCLRESTComponents;cxSchedulerRibbonStyleEventEditorRS22;dxTileControlRS22;dclRBADO1722;DataSnapConnectors;ACBr_SATECFVirtual;RtmRxDB220;fmxobj;JclVcl;ZParseSql;dxPSTeeChartRS22;cxPivotGridOLAPRS22;rbDBE1722;svn;rbTCUI1722;cxSchedulerTreeBrowserRS22;FireDACOracleDriver;fmxdae;cxSchedulerWebServiceStorageRS22;ComparerDXE8;bdertl;VirtualTreesR;rbUSERDesign1722;FireDACMSAccDriver;DataSnapIndy10ServerTransport;dxFlowChartDesignerRS22;$(DCC_UsePackage)</DCC_UsePackage>
    </PropertyGroup>
    <PropertyGroup Condition="'$(Base_Win64)'!=''">
        <DCC_UsePackage>dxBarRS22;dxSpreadSheetConditionalFormattingDialogsRS22;dxRibbonCustomizationFormRS22;FireDACPgDriver;dxFlowChartAdvancedCustomizeFormRS22;dxGaugeControlRS22;dxFireDACEMFRS22;dxPScxVGridLnkRS22;DBXInterBaseDriver;DataSnapServer;DataSnapCommon;dxSpreadSheetInplaceRichEditRS22;dxWizardControlRS22;DbxCommonDriver;vclimg;dbxcds;DatasnapConnectorsFreePascal;appanalytics;dxServerModeRS22;dxEMFRS22;dxHttpIndyRequestRS22;vcldb;dxADOEMFRS22;dxSpreadSheetCoreRS22;dxGDIPlusRS22;CustomIPTransport;AsyncProDR;dsnap;IndyIPServer;IndyCore;CloudService;FmxTeeUI;FireDACIBDriver;dxPScxPivotGridLnkRS22;dxComnRS22;cxPivotGridChartRS22;dsnapxml;dxPScxPCProdRS22;FireDACDb2Driver;dxSpellCheckerRS22;dxPScxGridLnkRS22;dxorgcRS22;dxBarExtItemsRS22;dxRibbonRS22;dxPSdxGaugeControlLnkRS22;dxCoreRS22;cxVerticalGridRS22;bindcompfmx;dxSpreadSheetRS22;FireDACODBCDriver;RESTBackendComponents;cxSchedulerRS22;dxSkinsCoreRS22;dbrtl;FireDACCommon;bindcomp;inetdb;cxExportRS22;dxPSDBTeeChartRS22;dxPSdxMapControlLnkRS22;DBXOdbcDriver;ibmonitor;vclFireDAC;xmlrtl;ibxpress;dxPSdxDBOCLnkRS22;FireDACCommonDriver;soaprtl;bindengine;vclactnband;FMXTee;dxCloudServiceLibraryRS22;bindcompvcl;dxBarExtDBItemsRS22;dxSpreadSheetCoreConditionalFormattingDialogsRS22;vclie;dxPSdxDBTVLnkRS22;dxRichEditControlCoreRS22;dxRichEditInplaceRS22;FireDACMSSQLDriver;DBXInformixDriver;tmsexdXE8;Intraweb;dxPsPrVwAdvRS22;dxPScxExtCommonRS22;DataSnapServerMidas;dsnapcon;DBXFirebirdDriver;dxPSPrVwRibbonRS22;inet;tmsdXE8;dxMapControlRS22;dxmdsRS22;FireDACMySQLDriver;soapmidas;vclx;DBXSybaseASADriver;RestDatawareCORE;dxDockingRS22;dxSpreadSheetReportDesignerRS22;RESTComponents;dxTabbedMDIRS22;dxdborRS22;dbexpress;dxPScxTLLnkRS22;IndyIPClient;office2K;dxRichEditCoreRS22;FireDACTDataDriver;FireDACSqliteDriver;FireDACDSDriver;DBXSqliteDriver;ZComponent;AbbreviaVCL;fmx;dxPSdxFCLnkRS22;IndySystem;TeeDB;tethering;cxSchedulerGridRS22;vclib;dxPDFViewerRS22;DataSnapClient;dxNavBarRS22;DataSnapProviderClient;DBXSybaseASEDriver;QRWRunDXE8w64;vcldsnap;dxBarDBNavRS22;dxPSCoreRS22;dxPSRichEditControlLnkRS22;dxSpreadSheetCoreDialogsRS22;fmxFireDAC;DBXDb2Driver;DBXOracleDriver;cxGridRS22;vclribbon;fmxase;vcl;DBXMSSQLDriver;IndyIPCommon;DataSnapFireDAC;FireDACDBXDriver;cxPivotGridRS22;soapserver;dxtrmdRS22;dxPScxSchedulerLnkRS22;dxPSdxPDFViewerLnkRS22;inetdbxpress;FireDACInfxDriver;dxRichEditDocumentModelRS22;dxFireDACServerModeRS22;adortl;cxLibraryRS22;dxPSdxSpreadSheetLnkRS22;dxPSdxLCLnkRS22;FireDACASADriver;dxPScxCommonRS22;ZDbc;emsclientfiredac;rtl;DbxClientDriver;ZPlain;Tee;dxDBXServerModeRS22;dxRichEditControlRS22;dxPSLnksRS22;RESTDWDriverFD;DataSnapNativeClient;IndyProtocols;DBXMySQLDriver;dxFlowChartRS22;dxFlowChartLayoutsRS22;cxTreeListdxBarPopupMenuRS22;dxPSdxOCLnkRS22;bindcompdbx;TeeUI;cxTreeListRS22;FireDACADSDriver;vcltouch;ZCore;dxADOServerModeRS22;emsclient;dxdbtrRS22;VclSmp;FireDAC;VCLRESTComponents;cxSchedulerRibbonStyleEventEditorRS22;dxTileControlRS22;DataSnapConnectors;fmxobj;ZParseSql;dxPSTeeChartRS22;cxPivotGridOLAPRS22;cxSchedulerTreeBrowserRS22;FireDACOracleDriver;fmxdae;cxSchedulerWebServiceStorageRS22;FireDACMSAccDriver;DataSnapIndy10ServerTransport;dxFlowChartDesignerRS22;$(DCC_UsePackage)</DCC_UsePackage>
    </PropertyGroup>
    <PropertyGroup Condition="'$(Cfg_1)'!=''">
        <DCC_Define>DEBUG;$(DCC_Define)</DCC_Define>
        <DCC_DebugDCUs>true</DCC_DebugDCUs>
        <DCC_Optimize>false</DCC_Optimize>
        <DCC_GenerateStackFrames>true</DCC_GenerateStackFrames>
        <DCC_DebugInfoInExe>true</DCC_DebugInfoInExe>
        <DCC_RemoteDebug>true</DCC_RemoteDebug>
    </PropertyGroup>
    <PropertyGroup Condition="'$(Cfg_1_Win32)'!=''">
        <DCC_DcuOutput>C:\Projetos\Temp\</DCC_DcuOutput>
        <DCC_ExeOutput>C:\Projetos\TK\SoftwareTeste\</DCC_ExeOutput>
        <DCC_DcpOutput>C:\Projetos\Temp\</DCC_DcpOutput>
        <VerInfo_Build>1</VerInfo_Build>
        <VerInfo_Keys>CompanyName=TK2000;FileDescription=;FileVersion=1.0.0.1;InternalName=;LegalCopyright=;LegalTrademarks=;OriginalFilename=;ProductName=;ProductVersion=1.0.0.0;Comments=</VerInfo_Keys>
        <VerInfo_IncludeVerInfo>true</VerInfo_IncludeVerInfo>
        <VerInfo_Locale>1046</VerInfo_Locale>
        <DCC_RemoteDebug>false</DCC_RemoteDebug>
    </PropertyGroup>
    <PropertyGroup Condition="'$(Cfg_2)'!=''">
        <DCC_LocalDebugSymbols>false</DCC_LocalDebugSymbols>
        <DCC_Define>RELEASE;$(DCC_Define)</DCC_Define>
        <DCC_SymbolReferenceInfo>0</DCC_SymbolReferenceInfo>
        <DCC_DebugInformation>0</DCC_DebugInformation>
    </PropertyGroup>
    <PropertyGroup Condition="'$(Cfg_2_Win32)'!=''">
        <DCC_ExeOutput>C:\Projetos\TK\SoftwareTeste\</DCC_ExeOutput>
        <DCC_DcpOutput>C:\Projetos\Temp\</DCC_DcpOutput>
        <DCC_DcuOutput>C:\Projetos\Temp\</DCC_DcuOutput>
        <VerInfo_IncludeVerInfo>true</VerInfo_IncludeVerInfo>
        <VerInfo_Locale>1033</VerInfo_Locale>
    </PropertyGroup>
    <ItemGroup>
        <DelphiCompile Include="$(MainSource)">
            <MainSource>MainSource</MainSource>
        </DelphiCompile>
        <DCCReference Include="uFormInicial.pas">
            <Form>frmInicial</Form>
            <FormType>dfm</FormType>
        </DCCReference>
        <DCCReference Include="uDataModule.pas">
            <Form>DM</Form>
            <FormType>dfm</FormType>
            <DesignClass>TDataModule</DesignClass>
        </DCCReference>
        <DCCReference Include="uFormBase.pas">
            <Form>frmBase</Form>
            <FormType>dfm</FormType>
        </DCCReference>
        <DCCReference Include="uFormLogin.pas">
            <Form>frmLogin</Form>
            <FormType>dfm</FormType>
        </DCCReference>
        <DCCReference Include="uFormSimpleCrud.pas">
            <Form>frmSimpleCrud</Form>
            <FormType>dfm</FormType>
        </DCCReference>
        <DCCReference Include="uFormCadUsuarios.pas">
            <Form>frmCadUsuarios</Form>
            <FormType>dfm</FormType>
        </DCCReference>
        <DCCReference Include="uFormCadFrentistas.pas">
            <Form>frmCadFrentistas</Form>
            <FormType>dfm</FormType>
        </DCCReference>
        <DCCReference Include="uFormVendaCombustivel.pas">
            <Form>frmVendaCombustivel</Form>
            <FormType>dfm</FormType>
        </DCCReference>
        <DCCReference Include="uFormCadBombas.pas">
            <Form>frmCadBombas</Form>
            <FormType>dfm</FormType>
        </DCCReference>
        <DCCReference Include="uFormCadBicosCombustivel.pas">
            <Form>frmCadBicosCombustivel</Form>
            <FormType>dfm</FormType>
        </DCCReference>
        <DCCReference Include="uFormCadTanquesCombustivel.pas">
            <Form>frmCadTanques</Form>
            <FormType>dfm</FormType>
        </DCCReference>
        <DCCReference Include="uFormCadCombustivel.pas">
            <Form>frmCadCombustivel</Form>
            <FormType>dfm</FormType>
        </DCCReference>
        <DCCReference Include="Classe.Frentista.pas"/>
        <DCCReference Include="uFormEntradas.pas">
            <Form>frmEntradas</Form>
            <FormType>dfm</FormType>
        </DCCReference>
        <DCCReference Include="uFormCadEntradas.pas">
            <Form>frmCadEntrada</Form>
            <FormType>dfm</FormType>
        </DCCReference>
        <DCCReference Include="uFormRelatorios.pas">
            <Form>frmRelatorios</Form>
            <FormType>dfm</FormType>
        </DCCReference>
        <DCCReference Include="uFormRelTotalGeral.pas">
            <Form>frmRelTotalGeral</Form>
            <FormType>dfm</FormType>
        </DCCReference>
        <DCCReference Include="uFormRelLucroPeriodo.pas">
            <Form>frmRelLucroPeriodo</Form>
            <FormType>dfm</FormType>
        </DCCReference>
        <DCCReference Include="uFormRelComissao.pas">
            <Form>frmRelComissao</Form>
            <FormType>dfm</FormType>
        </DCCReference>
        <BuildConfiguration Include="Release">
            <Key>Cfg_2</Key>
            <CfgParent>Base</CfgParent>
        </BuildConfiguration>
        <BuildConfiguration Include="Base">
            <Key>Base</Key>
        </BuildConfiguration>
        <BuildConfiguration Include="Debug">
            <Key>Cfg_1</Key>
            <CfgParent>Base</CfgParent>
        </BuildConfiguration>
    </ItemGroup>
    <ProjectExtensions>
        <Borland.Personality>Delphi.Personality.12</Borland.Personality>
        <Borland.ProjectType>Application</Borland.ProjectType>
        <BorlandProject>
            <Delphi.Personality>
                <Source>
                    <Source Name="MainSource">SoftwarePosto.dpr</Source>
                </Source>
                <Excluded_Packages>
                    <Excluded_Packages Name="C:\Users\Public\Documents\Embarcadero\Studio\16.0\Bpl\RESTDWDriverZEOS.bpl">REST Dataware CORE - Driver ZEOS</Excluded_Packages>
                    <Excluded_Packages Name="C:\Users\Public\Documents\Embarcadero\Studio\16.0\Bpl\CarlsonLib.bpl">(untitled)</Excluded_Packages>
                    <Excluded_Packages Name="$(BDSBIN)\spdCFeSat_DXE8.bpl">File c:\program files (x86)\embarcadero\studio\16.0\bin\spdCFeSat_DXE8.bpl not found</Excluded_Packages>
                    <Excluded_Packages Name="$(BDSBIN)\spdNFCe_DXE8.bpl">File c:\program files (x86)\embarcadero\studio\16.0\bin\spdNFCe_DXE8.bpl not found</Excluded_Packages>
                    <Excluded_Packages Name="$(BDSBIN)\spdNFE_DXE8.bpl">File c:\program files (x86)\embarcadero\studio\16.0\bin\spdNFE_DXE8.bpl not found</Excluded_Packages>
                    <Excluded_Packages Name="$(BDSBIN)\spdMDFe_DXE8.bpl">File c:\program files (x86)\embarcadero\studio\16.0\bin\spdMDFe_DXE8.bpl not found</Excluded_Packages>
                    <Excluded_Packages Name="$(BDSBIN)\spdMDFeDataSet_DXE8.bpl">File c:\program files (x86)\embarcadero\studio\16.0\bin\spdMDFeDataSet_DXE8.bpl not found</Excluded_Packages>
                    <Excluded_Packages Name="$(BDSBIN)\dclofficexp220.bpl">Microsoft Office XP Sample Automation Server Wrapper Components</Excluded_Packages>
                </Excluded_Packages>
            </Delphi.Personality>
            <Deployment Version="2">
                <DeployFile LocalName="Win32\Debug\SoftwarePosto.exe" Configuration="Debug" Class="ProjectOutput">
                    <Platform Name="Win32">
                        <RemoteName>SoftwarePosto.exe</RemoteName>
                        <Overwrite>true</Overwrite>
                    </Platform>
                </DeployFile>
                <DeployClass Required="true" Name="DependencyPackage">
                    <Platform Name="iOSDevice64">
                        <Operation>1</Operation>
                        <Extensions>.dylib</Extensions>
                    </Platform>
                    <Platform Name="Win32">
                        <Operation>0</Operation>
                        <Extensions>.bpl</Extensions>
                    </Platform>
                    <Platform Name="OSX32">
                        <RemoteDir>Contents\MacOS</RemoteDir>
                        <Operation>1</Operation>
                        <Extensions>.dylib</Extensions>
                    </Platform>
                    <Platform Name="iOSSimulator">
                        <Operation>1</Operation>
                        <Extensions>.dylib</Extensions>
                    </Platform>
                    <Platform Name="iOSDevice32">
                        <Operation>1</Operation>
                        <Extensions>.dylib</Extensions>
                    </Platform>
                </DeployClass>
                <DeployClass Name="DependencyModule">
                    <Platform Name="iOSDevice64">
                        <Operation>1</Operation>
                        <Extensions>.dylib</Extensions>
                    </Platform>
                    <Platform Name="Win32">
                        <Operation>0</Operation>
                        <Extensions>.dll;.bpl</Extensions>
                    </Platform>
                    <Platform Name="OSX32">
                        <RemoteDir>Contents\MacOS</RemoteDir>
                        <Operation>1</Operation>
                        <Extensions>.dylib</Extensions>
                    </Platform>
                    <Platform Name="iOSSimulator">
                        <Operation>1</Operation>
                        <Extensions>.dylib</Extensions>
                    </Platform>
                    <Platform Name="iOSDevice32">
                        <Operation>1</Operation>
                        <Extensions>.dylib</Extensions>
                    </Platform>
                </DeployClass>
                <DeployClass Name="iPad_Launch2048">
                    <Platform Name="iOSDevice64">
                        <Operation>1</Operation>
                    </Platform>
                    <Platform Name="iOSSimulator">
                        <Operation>1</Operation>
                    </Platform>
                    <Platform Name="iOSDevice32">
                        <Operation>1</Operation>
                    </Platform>
                </DeployClass>
                <DeployClass Name="ProjectOSXInfoPList">
                    <Platform Name="OSX32">
                        <RemoteDir>Contents</RemoteDir>
                        <Operation>1</Operation>
                    </Platform>
                </DeployClass>
                <DeployClass Name="ProjectiOSDeviceDebug">
                    <Platform Name="iOSDevice64">
                        <RemoteDir>..\$(PROJECTNAME).app.dSYM\Contents\Resources\DWARF</RemoteDir>
                        <Operation>1</Operation>
                    </Platform>
                    <Platform Name="iOSDevice32">
                        <RemoteDir>..\$(PROJECTNAME).app.dSYM\Contents\Resources\DWARF</RemoteDir>
                        <Operation>1</Operation>
                    </Platform>
                </DeployClass>
                <DeployClass Name="Android_SplashImage470">
                    <Platform Name="Android">
                        <RemoteDir>res\drawable-normal</RemoteDir>
                        <Operation>1</Operation>
                    </Platform>
                </DeployClass>
                <DeployClass Name="AndroidLibnativeX86File">
                    <Platform Name="Android">
                        <RemoteDir>library\lib\x86</RemoteDir>
                        <Operation>1</Operation>
                    </Platform>
                </DeployClass>
                <DeployClass Name="ProjectiOSResource">
                    <Platform Name="iOSDevice64">
                        <Operation>1</Operation>
                    </Platform>
                    <Platform Name="iOSSimulator">
                        <Operation>1</Operation>
                    </Platform>
                    <Platform Name="iOSDevice32">
                        <Operation>1</Operation>
                    </Platform>
                </DeployClass>
                <DeployClass Name="ProjectOSXEntitlements">
                    <Platform Name="OSX32">
                        <RemoteDir>../</RemoteDir>
                        <Operation>1</Operation>
                    </Platform>
                </DeployClass>
                <DeployClass Name="AndroidGDBServer">
                    <Platform Name="Android">
                        <RemoteDir>library\lib\armeabi-v7a</RemoteDir>
                        <Operation>1</Operation>
                    </Platform>
                </DeployClass>
                <DeployClass Name="iPhone_Launch640">
                    <Platform Name="iOSDevice64">
                        <Operation>1</Operation>
                    </Platform>
                    <Platform Name="iOSSimulator">
                        <Operation>1</Operation>
                    </Platform>
                    <Platform Name="iOSDevice32">
                        <Operation>1</Operation>
                    </Platform>
                </DeployClass>
                <DeployClass Name="Android_SplashImage960">
                    <Platform Name="Android">
                        <RemoteDir>res\drawable-xlarge</RemoteDir>
                        <Operation>1</Operation>
                    </Platform>
                </DeployClass>
                <DeployClass Name="Android_LauncherIcon96">
                    <Platform Name="Android">
                        <RemoteDir>res\drawable-xhdpi</RemoteDir>
                        <Operation>1</Operation>
                    </Platform>
                </DeployClass>
                <DeployClass Name="iPhone_Launch320">
                    <Platform Name="iOSDevice64">
                        <Operation>1</Operation>
                    </Platform>
                    <Platform Name="iOSSimulator">
                        <Operation>1</Operation>
                    </Platform>
                    <Platform Name="iOSDevice32">
                        <Operation>1</Operation>
                    </Platform>
                </DeployClass>
                <DeployClass Name="Android_LauncherIcon144">
                    <Platform Name="Android">
                        <RemoteDir>res\drawable-xxhdpi</RemoteDir>
                        <Operation>1</Operation>
                    </Platform>
                </DeployClass>
                <DeployClass Name="AndroidLibnativeMipsFile">
                    <Platform Name="Android">
                        <RemoteDir>library\lib\mips</RemoteDir>
                        <Operation>1</Operation>
                    </Platform>
                </DeployClass>
                <DeployClass Name="AndroidSplashImageDef">
                    <Platform Name="Android">
                        <RemoteDir>res\drawable</RemoteDir>
                        <Operation>1</Operation>
                    </Platform>
                </DeployClass>
                <DeployClass Name="DebugSymbols">
                    <Platform Name="OSX32">
                        <RemoteDir>Contents\MacOS</RemoteDir>
                        <Operation>1</Operation>
                    </Platform>
                    <Platform Name="iOSSimulator">
                        <Operation>1</Operation>
                    </Platform>
                    <Platform Name="Win32">
                        <Operation>0</Operation>
                    </Platform>
                </DeployClass>
                <DeployClass Name="DependencyFramework">
                    <Platform Name="OSX32">
                        <RemoteDir>Contents\MacOS</RemoteDir>
                        <Operation>1</Operation>
                        <Extensions>.framework</Extensions>
                    </Platform>
                    <Platform Name="Win32">
                        <Operation>0</Operation>
                    </Platform>
                </DeployClass>
                <DeployClass Name="Android_SplashImage426">
                    <Platform Name="Android">
                        <RemoteDir>res\drawable-small</RemoteDir>
                        <Operation>1</Operation>
                    </Platform>
                </DeployClass>
                <DeployClass Name="ProjectiOSEntitlements">
                    <Platform Name="iOSDevice64">
                        <RemoteDir>../</RemoteDir>
                        <Operation>1</Operation>
                    </Platform>
                    <Platform Name="iOSDevice32">
                        <RemoteDir>../</RemoteDir>
                        <Operation>1</Operation>
                    </Platform>
                </DeployClass>
                <DeployClass Name="AdditionalDebugSymbols">
                    <Platform Name="OSX32">
                        <RemoteDir>Contents\MacOS</RemoteDir>
                        <Operation>1</Operation>
                    </Platform>
                    <Platform Name="iOSSimulator">
                        <Operation>1</Operation>
                    </Platform>
                    <Platform Name="Win32">
                        <RemoteDir>Contents\MacOS</RemoteDir>
                        <Operation>0</Operation>
                    </Platform>
                </DeployClass>
                <DeployClass Name="AndroidClassesDexFile">
                    <Platform Name="Android">
                        <RemoteDir>classes</RemoteDir>
                        <Operation>1</Operation>
                    </Platform>
                </DeployClass>
                <DeployClass Name="ProjectiOSInfoPList">
                    <Platform Name="iOSDevice64">
                        <Operation>1</Operation>
                    </Platform>
                    <Platform Name="iOSSimulator">
                        <Operation>1</Operation>
                    </Platform>
                    <Platform Name="iOSDevice32">
                        <Operation>1</Operation>
                    </Platform>
                </DeployClass>
                <DeployClass Name="iPad_Launch1024">
                    <Platform Name="iOSDevice64">
                        <Operation>1</Operation>
                    </Platform>
                    <Platform Name="iOSSimulator">
                        <Operation>1</Operation>
                    </Platform>
                    <Platform Name="iOSDevice32">
                        <Operation>1</Operation>
                    </Platform>
                </DeployClass>
                <DeployClass Name="Android_DefaultAppIcon">
                    <Platform Name="Android">
                        <RemoteDir>res\drawable</RemoteDir>
                        <Operation>1</Operation>
                    </Platform>
                </DeployClass>
                <DeployClass Name="ProjectOSXResource">
                    <Platform Name="OSX32">
                        <RemoteDir>Contents\Resources</RemoteDir>
                        <Operation>1</Operation>
                    </Platform>
                </DeployClass>
                <DeployClass Name="ProjectiOSDeviceResourceRules">
                    <Platform Name="iOSDevice64">
                        <Operation>1</Operation>
                    </Platform>
                    <Platform Name="iOSDevice32">
                        <Operation>1</Operation>
                    </Platform>
                </DeployClass>
                <DeployClass Name="iPad_Launch768">
                    <Platform Name="iOSDevice64">
                        <Operation>1</Operation>
                    </Platform>
                    <Platform Name="iOSSimulator">
                        <Operation>1</Operation>
                    </Platform>
                    <Platform Name="iOSDevice32">
                        <Operation>1</Operation>
                    </Platform>
                </DeployClass>
                <DeployClass Required="true" Name="ProjectOutput">
                    <Platform Name="Android">
                        <RemoteDir>library\lib\armeabi-v7a</RemoteDir>
                        <Operation>1</Operation>
                    </Platform>
                    <Platform Name="iOSDevice64">
                        <Operation>1</Operation>
                    </Platform>
                    <Platform Name="Win32">
                        <Operation>0</Operation>
                    </Platform>
                    <Platform Name="OSX32">
                        <RemoteDir>Contents\MacOS</RemoteDir>
                        <Operation>1</Operation>
                    </Platform>
                    <Platform Name="iOSSimulator">
                        <Operation>1</Operation>
                    </Platform>
                    <Platform Name="iOSDevice32">
                        <Operation>1</Operation>
                    </Platform>
                </DeployClass>
                <DeployClass Name="AndroidLibnativeArmeabiFile">
                    <Platform Name="Android">
                        <RemoteDir>library\lib\armeabi</RemoteDir>
                        <Operation>1</Operation>
                    </Platform>
                </DeployClass>
                <DeployClass Name="Android_SplashImage640">
                    <Platform Name="Android">
                        <RemoteDir>res\drawable-large</RemoteDir>
                        <Operation>1</Operation>
                    </Platform>
                </DeployClass>
                <DeployClass Name="File">
                    <Platform Name="Android">
                        <Operation>0</Operation>
                    </Platform>
                    <Platform Name="iOSDevice64">
                        <Operation>0</Operation>
                    </Platform>
                    <Platform Name="Win32">
                        <Operation>0</Operation>
                    </Platform>
                    <Platform Name="OSX32">
                        <RemoteDir>Contents\MacOS</RemoteDir>
                        <Operation>0</Operation>
                    </Platform>
                    <Platform Name="iOSSimulator">
                        <Operation>0</Operation>
                    </Platform>
                    <Platform Name="iOSDevice32">
                        <Operation>0</Operation>
                    </Platform>
                </DeployClass>
                <DeployClass Name="iPhone_Launch640x1136">
                    <Platform Name="iOSDevice64">
                        <Operation>1</Operation>
                    </Platform>
                    <Platform Name="iOSSimulator">
                        <Operation>1</Operation>
                    </Platform>
                    <Platform Name="iOSDevice32">
                        <Operation>1</Operation>
                    </Platform>
                </DeployClass>
                <DeployClass Name="Android_LauncherIcon36">
                    <Platform Name="Android">
                        <RemoteDir>res\drawable-ldpi</RemoteDir>
                        <Operation>1</Operation>
                    </Platform>
                </DeployClass>
                <DeployClass Name="AndroidSplashStyles">
                    <Platform Name="Android">
                        <RemoteDir>res\values</RemoteDir>
                        <Operation>1</Operation>
                    </Platform>
                </DeployClass>
                <DeployClass Name="iPad_Launch1536">
                    <Platform Name="iOSDevice64">
                        <Operation>1</Operation>
                    </Platform>
                    <Platform Name="iOSSimulator">
                        <Operation>1</Operation>
                    </Platform>
                    <Platform Name="iOSDevice32">
                        <Operation>1</Operation>
                    </Platform>
                </DeployClass>
                <DeployClass Name="Android_LauncherIcon48">
                    <Platform Name="Android">
                        <RemoteDir>res\drawable-mdpi</RemoteDir>
                        <Operation>1</Operation>
                    </Platform>
                </DeployClass>
                <DeployClass Name="Android_LauncherIcon72">
                    <Platform Name="Android">
                        <RemoteDir>res\drawable-hdpi</RemoteDir>
                        <Operation>1</Operation>
                    </Platform>
                </DeployClass>
                <DeployClass Name="ProjectAndroidManifest">
                    <Platform Name="Android">
                        <Operation>1</Operation>
                    </Platform>
                </DeployClass>
                <ProjectRoot Platform="iOSSimulator" Name="$(PROJECTNAME).app"/>
                <ProjectRoot Platform="Android" Name="$(PROJECTNAME)"/>
                <ProjectRoot Platform="Win32" Name="$(PROJECTNAME)"/>
                <ProjectRoot Platform="iOSDevice64" Name="$(PROJECTNAME).app"/>
                <ProjectRoot Platform="OSX32" Name="$(PROJECTNAME).app"/>
                <ProjectRoot Platform="Win64" Name="$(PROJECTNAME)"/>
                <ProjectRoot Platform="iOSDevice32" Name="$(PROJECTNAME).app"/>
            </Deployment>
            <Platforms>
                <Platform value="Win32">True</Platform>
                <Platform value="Win64">False</Platform>
            </Platforms>
        </BorlandProject>
        <ProjectFileVersion>12</ProjectFileVersion>
    </ProjectExtensions>
    <Import Project="$(BDS)\Bin\CodeGear.Delphi.Targets" Condition="Exists('$(BDS)\Bin\CodeGear.Delphi.Targets')"/>
    <Import Project="$(APPDATA)\Embarcadero\$(BDSAPPDATABASEDIR)\$(PRODUCTVERSION)\UserTools.proj" Condition="Exists('$(APPDATA)\Embarcadero\$(BDSAPPDATABASEDIR)\$(PRODUCTVERSION)\UserTools.proj')"/>
    <Import Project="$(MSBuildProjectName).deployproj" Condition="Exists('$(MSBuildProjectName).deployproj')"/>
</Project>
